
Microsoft Visual Studio Solution File, Format Version 12.00
# Visual Studio 15
VisualStudioVersion = 15.0.27703.2000
MinimumVisualStudioVersion = 10.0.40219.1
Project("{8BC9CEB8-8B4A-11D0-8D11-00A0C91BC942}") = "Common", "Common\Common.vcxproj", "{A699974B-76D3-4586-B306-6FEDAAC4734C}"
EndProject
Project("{8BC9CEB8-8B4A-11D0-8D11-00A0C91BC942}") = "LibStatic", "3rd\RakNet\Lib\LibStatic\LibStatic_vc9.vcxproj", "{6533BDAE-0F0C-45E4-8FE7-ADD0F37FE063}"
EndProject
Project("{8BC9CEB8-8B4A-11D0-8D11-00A0C91BC942}") = "channelserver", "channelserver\channelserver.vcxproj", "{90BB4E43-D16F-4C77-9541-9F74B3001FD8}"
EndProject
Project("{8BC9CEB8-8B4A-11D0-8D11-00A0C91BC942}") = "v8", "v8\v8.vcxproj", "{C9DD4218-F005-4943-919B-73203A179003}"
EndProject
Global
	GlobalSection(SolutionConfigurationPlatforms) = preSolution
		Debug|x64 = Debug|x64
		Debug|x86 = Debug|x86
		Release|x64 = Release|x64
		Release|x86 = Release|x86
	EndGlobalSection
	GlobalSection(ProjectConfigurationPlatforms) = postSolution
		{A699974B-76D3-4586-B306-6FEDAAC4734C}.Debug|x64.ActiveCfg = Debug|x64
		{A699974B-76D3-4586-B306-6FEDAAC4734C}.Debug|x64.Build.0 = Debug|x64
		{A699974B-76D3-4586-B306-6FEDAAC4734C}.Debug|x86.ActiveCfg = Debug|Win32
		{A699974B-76D3-4586-B306-6FEDAAC4734C}.Debug|x86.Build.0 = Debug|Win32
		{A699974B-76D3-4586-B306-6FEDAAC4734C}.Release|x64.ActiveCfg = Release|x64
		{A699974B-76D3-4586-B306-6FEDAAC4734C}.Release|x64.Build.0 = Release|x64
		{A699974B-76D3-4586-B306-6FEDAAC4734C}.Release|x86.ActiveCfg = Release|Win32
		{A699974B-76D3-4586-B306-6FEDAAC4734C}.Release|x86.Build.0 = Release|Win32
		{6533BDAE-0F0C-45E4-8FE7-ADD0F37FE063}.Debug|x64.ActiveCfg = Debug|x64
		{6533BDAE-0F0C-45E4-8FE7-ADD0F37FE063}.Debug|x64.Build.0 = Debug|x64
		{6533BDAE-0F0C-45E4-8FE7-ADD0F37FE063}.Debug|x86.ActiveCfg = Debug|Win32
		{6533BDAE-0F0C-45E4-8FE7-ADD0F37FE063}.Debug|x86.Build.0 = Debug|Win32
		{6533BDAE-0F0C-45E4-8FE7-ADD0F37FE063}.Release|x64.ActiveCfg = Release|x64
		{6533BDAE-0F0C-45E4-8FE7-ADD0F37FE063}.Release|x64.Build.0 = Release|x64
		{6533BDAE-0F0C-45E4-8FE7-ADD0F37FE063}.Release|x86.ActiveCfg = Release|Win32
		{6533BDAE-0F0C-45E4-8FE7-ADD0F37FE063}.Release|x86.Build.0 = Release|Win32
		{90BB4E43-D16F-4C77-9541-9F74B3001FD8}.Debug|x64.ActiveCfg = Debug|x64
		{90BB4E43-D16F-4C77-9541-9F74B3001FD8}.Debug|x64.Build.0 = Debug|x64
		{90BB4E43-D16F-4C77-9541-9F74B3001FD8}.Debug|x86.ActiveCfg = Debug|Win32
		{90BB4E43-D16F-4C77-9541-9F74B3001FD8}.Debug|x86.Build.0 = Debug|Win32
		{90BB4E43-D16F-4C77-9541-9F74B3001FD8}.Release|x64.ActiveCfg = Release|x64
		{90BB4E43-D16F-4C77-9541-9F74B3001FD8}.Release|x64.Build.0 = Release|x64
		{90BB4E43-D16F-4C77-9541-9F74B3001FD8}.Release|x86.ActiveCfg = Release|Win32
		{90BB4E43-D16F-4C77-9541-9F74B3001FD8}.Release|x86.Build.0 = Release|Win32
		{C9DD4218-F005-4943-919B-73203A179003}.Debug|x64.ActiveCfg = Debug|x64
		{C9DD4218-F005-4943-919B-73203A179003}.Debug|x64.Build.0 = Debug|x64
		{C9DD4218-F005-4943-919B-73203A179003}.Debug|x86.ActiveCfg = Debug|Win32
		{C9DD4218-F005-4943-919B-73203A179003}.Debug|x86.Build.0 = Debug|Win32
		{C9DD4218-F005-4943-919B-73203A179003}.Release|x64.ActiveCfg = Release|x64
		{C9DD4218-F005-4943-919B-73203A179003}.Release|x64.Build.0 = Release|x64
		{C9DD4218-F005-4943-919B-73203A179003}.Release|x86.ActiveCfg = Release|Win32
		{C9DD4218-F005-4943-919B-73203A179003}.Release|x86.Build.0 = Release|Win32
	EndGlobalSection
	GlobalSection(SolutionProperties) = preSolution
		HideSolutionNode = FALSE
	EndGlobalSection
	GlobalSection(ExtensibilityGlobals) = postSolution
		SolutionGuid = {9001770F-0DFB-4C77-AF7B-C427158A0D6F}
	EndGlobalSection
EndGlobal
